# This file is automatically generated by rhiza. Do not edit it manually.
---
sha: b5157f79c1e8f60d39eec639aa25696fa9a556ff
repo: jebel-quant/rhiza
host: github
ref: v0.7.5
include: []
exclude: []
templates:
  - core
  - github
  - legal
  - tests
  - book
synced_at: '2026-03-02T00:38:39Z'
strategy: merge
